
Microsoft Visual Studio Solution File, Format Version 12.00
# Visual Studio 15
VisualStudioVersion = 15.0.28010.2041
MinimumVisualStudioVersion = 10.0.40219.1
Project("{FAE04EC0-301F-11D3-BF4B-00C04F79EFBC}") = "TestDotNetCoreWebApp", "TestDotNetCoreWebApp\TestDotNetCoreWebApp.csproj", "{0A5CDAA1-F947-42D0-9A66-BDDB4732B967}"
EndProject
Global
	GlobalSection(SolutionConfigurationPlatforms) = preSolution
		Debug|Any CPU = Debug|Any CPU
		Release|Any CPU = Release|Any CPU
	EndGlobalSection
	GlobalSection(ProjectConfigurationPlatforms) = postSolution
		{0A5CDAA1-F947-42D0-9A66-BDDB4732B967}.Debug|Any CPU.ActiveCfg = Debug|Any CPU
		{0A5CDAA1-F947-42D0-9A66-BDDB4732B967}.Debug|Any CPU.Build.0 = Debug|Any CPU
		{0A5CDAA1-F947-42D0-9A66-BDDB4732B967}.Release|Any CPU.ActiveCfg = Release|Any CPU
		{0A5CDAA1-F947-42D0-9A66-BDDB4732B967}.Release|Any CPU.Build.0 = Release|Any CPU
	EndGlobalSection
	GlobalSection(SolutionProperties) = preSolution
		HideSolutionNode = FALSE
	EndGlobalSection
	GlobalSection(ExtensibilityGlobals) = postSolution
		SolutionGuid = {AC227ABD-1632-4C0E-84DC-FCBFAB6F8FA4}
	EndGlobalSection
EndGlobal
